
Microsoft Visual Studio Solution File, Format Version 11.00
# Visual Studio 2010
# SharpDevelop 5.1
Project("{FAE04EC0-301F-11D3-BF4B-00C04F79EFBC}") = "hangman", "hangman\hangman.csproj", "{559BE486-1949-4778-930D-D0B08E793A9A}"
EndProject
Global
	GlobalSection(SolutionConfigurationPlatforms) = preSolution
		Debug|Any CPU = Debug|Any CPU
		Release|Any CPU = Release|Any CPU
	EndGlobalSection
	GlobalSection(ProjectConfigurationPlatforms) = postSolution
		{559BE486-1949-4778-930D-D0B08E793A9A}.Debug|Any CPU.ActiveCfg = Debug|Any CPU
		{559BE486-1949-4778-930D-D0B08E793A9A}.Debug|Any CPU.Build.0 = Debug|Any CPU
		{559BE486-1949-4778-930D-D0B08E793A9A}.Release|Any CPU.ActiveCfg = Release|Any CPU
		{559BE486-1949-4778-930D-D0B08E793A9A}.Release|Any CPU.Build.0 = Release|Any CPU
	EndGlobalSection
EndGlobal
